{
  "name": "@enkore/enkore-user-test-project-1",
  "version": "0.0.0",
  "lockfileVersion": 3,
  "requires": true,
  "packages": {
    "": {
      "name": "@enkore/enkore-user-test-project-1",
      "version": "0.0.0",
      "license": "MIT",
      "devDependencies": {
        "@enkore-target/js-none": "^0.0.26",
        "@enkore/core": "^0.6.6",
        "enkore": "^0.0.22"
      }
    },
    "node_modules/@enkore-target/js-none": {
      "version": "0.0.26",
      "resolved": "https://registry.npmjs.org/@enkore-target/js-none/-/js-none-0.0.26.tgz",
      "integrity": "sha512-ZfISB3q1rOv9wjaYUUuEaVZm/6bUtVjeu6uNiUMs/rrFlEt5DRpC8AkH/hp4LhNG1dM/3NbkibIxBX8HNPMxqQ==",
      "dev": true,
      "license": "MIT"
    },
    "node_modules/@enkore/core": {
      "version": "0.6.6",
      "resolved": "https://registry.npmjs.org/@enkore/core/-/core-0.6.6.tgz",
      "integrity": "sha512-3Tnprm8JXF6vVsMpwRnGSzDkfXwdflQyLRTohsC7Xpt91kqh1sNSxfkdYmMLek+fOWfS0ykKn6rS4DAKUHSjcA==",
      "dev": true,
      "license": "MIT"
    },
    "node_modules/enkore": {
      "version": "0.0.22",
      "resolved": "https://registry.npmjs.org/enkore/-/enkore-0.0.22.tgz",
      "integrity": "sha512-2Bop/UnNl0B6PpocnqP21veJRgqg5adjmEV+brJe7O1yCTIWuR6wES+ZwfFtbV+C9IqQwVTbxiOmxtZbpPzKmg==",
      "dev": true,
      "license": "MIT",
      "bin": {
        "enkore": "cli.mjs"
      }
    }
  }
}
